
Microsoft Visual Studio Solution File, Format Version 12.00
# Visual Studio Version 16
VisualStudioVersion = 16.0.32630.194
MinimumVisualStudioVersion = 10.0.40219.1
Project("{FAE04EC0-301F-11D3-BF4B-00C04F79EFBC}") = "method_overloading", "method_overloading.csproj", "{B4A0D528-8AF5-443A-8C34-8902C7534716}"
EndProject
Project("{FAE04EC0-301F-11D3-BF4B-00C04F79EFBC}") = "ConsoleApp3", "..\ConsoleApp3\ConsoleApp3.csproj", "{0DAD1274-5BC6-4601-9610-2FF34A162DBD}"
EndProject
Global
	GlobalSection(SolutionConfigurationPlatforms) = preSolution
		Debug|Any CPU = Debug|Any CPU
		Release|Any CPU = Release|Any CPU
	EndGlobalSection
	GlobalSection(ProjectConfigurationPlatforms) = postSolution
		{B4A0D528-8AF5-443A-8C34-8902C7534716}.Debug|Any CPU.ActiveCfg = Debug|Any CPU
		{B4A0D528-8AF5-443A-8C34-8902C7534716}.Debug|Any CPU.Build.0 = Debug|Any CPU
		{B4A0D528-8AF5-443A-8C34-8902C7534716}.Release|Any CPU.ActiveCfg = Release|Any CPU
		{B4A0D528-8AF5-443A-8C34-8902C7534716}.Release|Any CPU.Build.0 = Release|Any CPU
		{0DAD1274-5BC6-4601-9610-2FF34A162DBD}.Debug|Any CPU.ActiveCfg = Debug|Any CPU
		{0DAD1274-5BC6-4601-9610-2FF34A162DBD}.Debug|Any CPU.Build.0 = Debug|Any CPU
		{0DAD1274-5BC6-4601-9610-2FF34A162DBD}.Release|Any CPU.ActiveCfg = Release|Any CPU
		{0DAD1274-5BC6-4601-9610-2FF34A162DBD}.Release|Any CPU.Build.0 = Release|Any CPU
	EndGlobalSection
	GlobalSection(SolutionProperties) = preSolution
		HideSolutionNode = FALSE
	EndGlobalSection
	GlobalSection(ExtensibilityGlobals) = postSolution
		SolutionGuid = {A7238B4D-7EF8-4BE7-82BA-53266210D201}
	EndGlobalSection
EndGlobal
